// !$*UTF8*$!
{
	archiveVersion = 1;
	classes = {
	};
	objectVersion = 51;
	objects = {

/* Begin PBXBuildFile section */
		25067C1723531630005F7115 /* FynzoWebServices.swift in Sources */ = {isa = PBXBuildFile; fileRef = 25067C152353162F005F7115 /* FynzoWebServices.swift */; };
		25067C1823531630005F7115 /* FynzoAPIManager.swift in Sources */ = {isa = PBXBuildFile; fileRef = 25067C162353162F005F7115 /* FynzoAPIManager.swift */; };
		250892AC235D76E5008E1E30 /* SubmitCollectionViewCell.swift in Sources */ = {isa = PBXBuildFile; fileRef = 250892AA235D76E5008E1E30 /* SubmitCollectionViewCell.swift */; };
		250892AD235D76E5008E1E30 /* SubmitCollectionViewCell.xib in Resources */ = {isa = PBXBuildFile; fileRef = 250892AB235D76E5008E1E30 /* SubmitCollectionViewCell.xib */; };
		250892B0235D8366008E1E30 /* GIFLoading.swift in Sources */ = {isa = PBXBuildFile; fileRef = 250892AF235D8366008E1E30 /* GIFLoading.swift */; };
		250C111C2351A03500758B04 /* FormViewController.swift in Sources */ = {isa = PBXBuildFile; fileRef = 250C111B2351A03500758B04 /* FormViewController.swift */; };
		250C111F2351A10400758B04 /* FirstCollectionViewCell.swift in Sources */ = {isa = PBXBuildFile; fileRef = 250C111D2351A10400758B04 /* FirstCollectionViewCell.swift */; };
		250C11202351A10400758B04 /* FirstCollectionViewCell.xib in Resources */ = {isa = PBXBuildFile; fileRef = 250C111E2351A10400758B04 /* FirstCollectionViewCell.xib */; };
		250C11222351A39B00758B04 /* UICollectionView+Reusable.swift in Sources */ = {isa = PBXBuildFile; fileRef = 250C11212351A39B00758B04 /* UICollectionView+Reusable.swift */; };
		250C11282351A78C00758B04 /* StarCollectionViewCell.swift in Sources */ = {isa = PBXBuildFile; fileRef = 250C11262351A78C00758B04 /* StarCollectionViewCell.swift */; };
		250C11292351A78C00758B04 /* StarCollectionViewCell.xib in Resources */ = {isa = PBXBuildFile; fileRef = 250C11272351A78C00758B04 /* StarCollectionViewCell.xib */; };
		250C112C2351A86B00758B04 /* StarTableViewCell.swift in Sources */ = {isa = PBXBuildFile; fileRef = 250C112A2351A86B00758B04 /* StarTableViewCell.swift */; };
		250C112D2351A86B00758B04 /* StarTableViewCell.xib in Resources */ = {isa = PBXBuildFile; fileRef = 250C112B2351A86B00758B04 /* StarTableViewCell.xib */; };
		250C11332351B74D00758B04 /* CheckboxCollectionViewCell.swift in Sources */ = {isa = PBXBuildFile; fileRef = 250C11312351B74D00758B04 /* CheckboxCollectionViewCell.swift */; };
		250C11342351B74D00758B04 /* CheckboxCollectionViewCell.xib in Resources */ = {isa = PBXBuildFile; fileRef = 250C11322351B74D00758B04 /* CheckboxCollectionViewCell.xib */; };
		250C113B2351BDC600758B04 /* CheckBoxInnerCollectionViewCell.swift in Sources */ = {isa = PBXBuildFile; fileRef = 250C11392351BDC600758B04 /* CheckBoxInnerCollectionViewCell.swift */; };
		250C113C2351BDC600758B04 /* CheckBoxInnerCollectionViewCell.xib in Resources */ = {isa = PBXBuildFile; fileRef = 250C113A2351BDC600758B04 /* CheckBoxInnerCollectionViewCell.xib */; };
		250C11412351C20700758B04 /* SquareCollectionViewCell.swift in Sources */ = {isa = PBXBuildFile; fileRef = 250C113F2351C20700758B04 /* SquareCollectionViewCell.swift */; };
		250C11422351C20700758B04 /* SquareCollectionViewCell.xib in Resources */ = {isa = PBXBuildFile; fileRef = 250C11402351C20700758B04 /* SquareCollectionViewCell.xib */; };
		250C11462351C4D300758B04 /* CardCollectionViewCell.swift in Sources */ = {isa = PBXBuildFile; fileRef = 250C11442351C4D300758B04 /* CardCollectionViewCell.swift */; };
		250C11472351C4D300758B04 /* CardCollectionViewCell.xib in Resources */ = {isa = PBXBuildFile; fileRef = 250C11452351C4D300758B04 /* CardCollectionViewCell.xib */; };
		250C114A2351C64600758B04 /* CardInnerCollectionViewCell.swift in Sources */ = {isa = PBXBuildFile; fileRef = 250C11482351C64600758B04 /* CardInnerCollectionViewCell.swift */; };
		250C114B2351C64600758B04 /* CardInnerCollectionViewCell.xib in Resources */ = {isa = PBXBuildFile; fileRef = 250C11492351C64600758B04 /* CardInnerCollectionViewCell.xib */; };
		250C115023521E7800758B04 /* TextfieldCollectionViewCell.swift in Sources */ = {isa = PBXBuildFile; fileRef = 250C114E23521E7800758B04 /* TextfieldCollectionViewCell.swift */; };
		250C115123521E7800758B04 /* TextfieldCollectionViewCell.xib in Resources */ = {isa = PBXBuildFile; fileRef = 250C114F23521E7800758B04 /* TextfieldCollectionViewCell.xib */; };
		250C115423521EAC00758B04 /* TextfieldTableViewCell.swift in Sources */ = {isa = PBXBuildFile; fileRef = 250C115223521EAC00758B04 /* TextfieldTableViewCell.swift */; };
		250C115523521EAC00758B04 /* TextfieldTableViewCell.xib in Resources */ = {isa = PBXBuildFile; fileRef = 250C115323521EAC00758B04 /* TextfieldTableViewCell.xib */; };
		251596D62354DDD200E69D95 /* UserInfo.swift in Sources */ = {isa = PBXBuildFile; fileRef = 251596D52354DDD200E69D95 /* UserInfo.swift */; };
		251596DA2354E2D000E69D95 /* Form.swift in Sources */ = {isa = PBXBuildFile; fileRef = 251596D92354E2D000E69D95 /* Form.swift */; };
		251596DE2354ECCA00E69D95 /* Questionnaire.swift in Sources */ = {isa = PBXBuildFile; fileRef = 251596DD2354ECCA00E69D95 /* Questionnaire.swift */; };
		2517C7CC2359C52A00E7866B /* DropDownCollectionViewCell.swift in Sources */ = {isa = PBXBuildFile; fileRef = 2517C7CA2359C52A00E7866B /* DropDownCollectionViewCell.swift */; };
		2517C7CD2359C52A00E7866B /* DropDownCollectionViewCell.xib in Resources */ = {isa = PBXBuildFile; fileRef = 2517C7CB2359C52A00E7866B /* DropDownCollectionViewCell.xib */; };
		2517C7D02359C61000E7866B /* DropDownTableViewCell.swift in Sources */ = {isa = PBXBuildFile; fileRef = 2517C7CE2359C61000E7866B /* DropDownTableViewCell.swift */; };
		2517C7D12359C61000E7866B /* DropDownTableViewCell.xib in Resources */ = {isa = PBXBuildFile; fileRef = 2517C7CF2359C61000E7866B /* DropDownTableViewCell.xib */; };
		2517C7D52359CC1400E7866B /* PickerView.swift in Sources */ = {isa = PBXBuildFile; fileRef = 2517C7D32359CC1400E7866B /* PickerView.swift */; };
		2517C7D62359CC1400E7866B /* PickerView.xib in Resources */ = {isa = PBXBuildFile; fileRef = 2517C7D42359CC1400E7866B /* PickerView.xib */; };
		2523078E23641109002A6A24 /* ShareViewController.swift in Sources */ = {isa = PBXBuildFile; fileRef = 2523078D23641109002A6A24 /* ShareViewController.swift */; };
		254313C823577A2A007F7918 /* Question.swift in Sources */ = {isa = PBXBuildFile; fileRef = 254313C723577A2A007F7918 /* Question.swift */; };
		254A84C3234F8F0200B35EF0 /* Home.storyboard in Resources */ = {isa = PBXBuildFile; fileRef = 254A84C2234F8F0200B35EF0 /* Home.storyboard */; };
		254A84C6234F8F2E00B35EF0 /* HomeViewController.swift in Sources */ = {isa = PBXBuildFile; fileRef = 254A84C5234F8F2E00B35EF0 /* HomeViewController.swift */; };
		254A84CA234F91D600B35EF0 /* UserManager.swift in Sources */ = {isa = PBXBuildFile; fileRef = 254A84C8234F91D600B35EF0 /* UserManager.swift */; };
		254A84CB234F91D600B35EF0 /* AppUserDefaultManager.swift in Sources */ = {isa = PBXBuildFile; fileRef = 254A84C9234F91D600B35EF0 /* AppUserDefaultManager.swift */; };
		254A84CF234F954300B35EF0 /* SideMenu.storyboard in Resources */ = {isa = PBXBuildFile; fileRef = 254A84CE234F954300B35EF0 /* SideMenu.storyboard */; };
		254A84D2234F95AA00B35EF0 /* SideMenuViewController.swift in Sources */ = {isa = PBXBuildFile; fileRef = 254A84D1234F95AA00B35EF0 /* SideMenuViewController.swift */; };
		254A84D5234F97DE00B35EF0 /* SideMenuTableViewCell.swift in Sources */ = {isa = PBXBuildFile; fileRef = 254A84D3234F97DD00B35EF0 /* SideMenuTableViewCell.swift */; };
		254A84D6234F97DE00B35EF0 /* SideMenuTableViewCell.xib in Resources */ = {isa = PBXBuildFile; fileRef = 254A84D4234F97DE00B35EF0 /* SideMenuTableViewCell.xib */; };
		254A84D8234F99B600B35EF0 /* UIViewController+SideMenu.swift in Sources */ = {isa = PBXBuildFile; fileRef = 254A84D7234F99B600B35EF0 /* UIViewController+SideMenu.swift */; };
		254A84DA234F9EA700B35EF0 /* SettingViewController.swift in Sources */ = {isa = PBXBuildFile; fileRef = 254A84D9234F9EA700B35EF0 /* SettingViewController.swift */; };
		254A84DE234F9EE500B35EF0 /* SettingTableViewCell.swift in Sources */ = {isa = PBXBuildFile; fileRef = 254A84DC234F9EE500B35EF0 /* SettingTableViewCell.swift */; };
		254A84DF234F9EE500B35EF0 /* SettingTableViewCell.xib in Resources */ = {isa = PBXBuildFile; fileRef = 254A84DD234F9EE500B35EF0 /* SettingTableViewCell.xib */; };
		254A84E2234FA9D800B35EF0 /* HomeTableViewCell.swift in Sources */ = {isa = PBXBuildFile; fileRef = 254A84E0234FA9D800B35EF0 /* HomeTableViewCell.swift */; };
		254A84E3234FA9D800B35EF0 /* HomeTableViewCell.xib in Resources */ = {isa = PBXBuildFile; fileRef = 254A84E1234FA9D800B35EF0 /* HomeTableViewCell.xib */; };
		25FEE01A234E480600BF002A /* AppConfiguration.swift in Sources */ = {isa = PBXBuildFile; fileRef = 25FEE019234E480600BF002A /* AppConfiguration.swift */; };
		25FEE074234E483300BF002A /* Fynzo.swift in Sources */ = {isa = PBXBuildFile; fileRef = 25FEE03A234E483300BF002A /* Fynzo.swift */; };
		25FEE075234E483300BF002A /* Fynzo+Color.swift in Sources */ = {isa = PBXBuildFile; fileRef = 25FEE03B234E483300BF002A /* Fynzo+Color.swift */; };
		25FEE076234E483300BF002A /* Fynzo+Font.swift in Sources */ = {isa = PBXBuildFile; fileRef = 25FEE03C234E483300BF002A /* Fynzo+Font.swift */; };
		25FEE077234E483300BF002A /* Fynzo+NavigationItem.swift in Sources */ = {isa = PBXBuildFile; fileRef = 25FEE03D234E483300BF002A /* Fynzo+NavigationItem.swift */; };
		25FEE078234E483300BF002A /* Fynzo+Constant.swift in Sources */ = {isa = PBXBuildFile; fileRef = 25FEE03E234E483300BF002A /* Fynzo+Constant.swift */; };
		25FEE079234E483300BF002A /* Fynzo+Image.swift in Sources */ = {isa = PBXBuildFile; fileRef = 25FEE03F234E483300BF002A /* Fynzo+Image.swift */; };
		25FEE07B234E483300BF002A /* LoaderView.xib in Resources */ = {isa = PBXBuildFile; fileRef = 25FEE042234E483300BF002A /* LoaderView.xib */; };
		25FEE07C234E483300BF002A /* LoaderView.swift in Sources */ = {isa = PBXBuildFile; fileRef = 25FEE043234E483300BF002A /* LoaderView.swift */; };
		25FEE07E234E483300BF002A /* Poppins-SemiBoldItalic.otf in Resources */ = {isa = PBXBuildFile; fileRef = 25FEE046234E483300BF002A /* Poppins-SemiBoldItalic.otf */; };
		25FEE07F234E483300BF002A /* Poppins-ExtraBoldItalic.otf in Resources */ = {isa = PBXBuildFile; fileRef = 25FEE047234E483300BF002A /* Poppins-ExtraBoldItalic.otf */; };
		25FEE080234E483300BF002A /* Poppins-ExtraLight.otf in Resources */ = {isa = PBXBuildFile; fileRef = 25FEE048234E483300BF002A /* Poppins-ExtraLight.otf */; };
		25FEE081234E483300BF002A /* Poppins-ThinItalic.otf in Resources */ = {isa = PBXBuildFile; fileRef = 25FEE049234E483300BF002A /* Poppins-ThinItalic.otf */; };
		25FEE082234E483300BF002A /* Poppins-ExtraLightItalic.otf in Resources */ = {isa = PBXBuildFile; fileRef = 25FEE04A234E483300BF002A /* Poppins-ExtraLightItalic.otf */; };
		25FEE083234E483300BF002A /* Poppins-Light.otf in Resources */ = {isa = PBXBuildFile; fileRef = 25FEE04B234E483300BF002A /* Poppins-Light.otf */; };
		25FEE084234E483300BF002A /* Poppins-BoldItalic.otf in Resources */ = {isa = PBXBuildFile; fileRef = 25FEE04C234E483300BF002A /* Poppins-BoldItalic.otf */; };
		25FEE085234E483300BF002A /* Poppins-Medium.otf in Resources */ = {isa = PBXBuildFile; fileRef = 25FEE04D234E483300BF002A /* Poppins-Medium.otf */; };
		25FEE086234E483300BF002A /* Poppins-SemiBold.otf in Resources */ = {isa = PBXBuildFile; fileRef = 25FEE04E234E483300BF002A /* Poppins-SemiBold.otf */; };
		25FEE087234E483300BF002A /* Poppins-Italic.otf in Resources */ = {isa = PBXBuildFile; fileRef = 25FEE04F234E483300BF002A /* Poppins-Italic.otf */; };
		25FEE088234E483300BF002A /* Poppins-Thin.otf in Resources */ = {isa = PBXBuildFile; fileRef = 25FEE050234E483300BF002A /* Poppins-Thin.otf */; };
		25FEE089234E483300BF002A /* Poppins-MediumItalic.otf in Resources */ = {isa = PBXBuildFile; fileRef = 25FEE051234E483300BF002A /* Poppins-MediumItalic.otf */; };
		25FEE08A234E483300BF002A /* Poppins-LightItalic.otf in Resources */ = {isa = PBXBuildFile; fileRef = 25FEE052234E483300BF002A /* Poppins-LightItalic.otf */; };
		25FEE08B234E483300BF002A /* Poppins-Bold.otf in Resources */ = {isa = PBXBuildFile; fileRef = 25FEE053234E483300BF002A /* Poppins-Bold.otf */; };
		25FEE08C234E483300BF002A /* Poppins-Black.otf in Resources */ = {isa = PBXBuildFile; fileRef = 25FEE054234E483300BF002A /* Poppins-Black.otf */; };
		25FEE08D234E483300BF002A /* Poppins-BlackItalic.otf in Resources */ = {isa = PBXBuildFile; fileRef = 25FEE055234E483300BF002A /* Poppins-BlackItalic.otf */; };
		25FEE08E234E483300BF002A /* Poppins-Regular.otf in Resources */ = {isa = PBXBuildFile; fileRef = 25FEE056234E483300BF002A /* Poppins-Regular.otf */; };
		25FEE08F234E483300BF002A /* Poppins-ExtraBold.otf in Resources */ = {isa = PBXBuildFile; fileRef = 25FEE057234E483300BF002A /* Poppins-ExtraBold.otf */; };
		5F8B092C3BC88E536F11BF7A /* Pods_FynzoSurvey.framework in Frameworks */ = {isa = PBXBuildFile; fileRef = 5AED3BE15D3413B80E12E8F3 /* Pods_FynzoSurvey.framework */; };
		7165960D21ECEA9000D55A14 /* SwifterSwift.swift in Sources */ = {isa = PBXBuildFile; fileRef = 7165960C21ECEA9000D55A14 /* SwifterSwift.swift */; };
		7165961121ECEAAD00D55A14 /* SCLAlertView.swift in Sources */ = {isa = PBXBuildFile; fileRef = 7165960F21ECEAAD00D55A14 /* SCLAlertView.swift */; };
		7165961221ECEAAD00D55A14 /* SCLExtensions.swift in Sources */ = {isa = PBXBuildFile; fileRef = 7165961021ECEAAD00D55A14 /* SCLExtensions.swift */; };
		71917E7621ECB8370077ADF4 /* SignUpViewController.swift in Sources */ = {isa = PBXBuildFile; fileRef = 71917E7521ECB8370077ADF4 /* SignUpViewController.swift */; };
		71917E7F21ECB8CE0077ADF4 /* UIViewController+NavigationBar.swift in Sources */ = {isa = PBXBuildFile; fileRef = 71917E7821ECB8CE0077ADF4 /* UIViewController+NavigationBar.swift */; };
		71917E8021ECB8CE0077ADF4 /* AppStoryboard.swift in Sources */ = {isa = PBXBuildFile; fileRef = 71917E7921ECB8CE0077ADF4 /* AppStoryboard.swift */; };
		71917E8121ECB8CE0077ADF4 /* UIViewController+Alert.swift in Sources */ = {isa = PBXBuildFile; fileRef = 71917E7A21ECB8CE0077ADF4 /* UIViewController+Alert.swift */; };
		71917E8221ECB8CE0077ADF4 /* Reusable.swift in Sources */ = {isa = PBXBuildFile; fileRef = 71917E7B21ECB8CE0077ADF4 /* Reusable.swift */; };
		71917E8321ECB8CE0077ADF4 /* UITableView+Reusable.swift in Sources */ = {isa = PBXBuildFile; fileRef = 71917E7C21ECB8CE0077ADF4 /* UITableView+Reusable.swift */; };
		71917E8421ECB8CE0077ADF4 /* UIView+Nib.swift in Sources */ = {isa = PBXBuildFile; fileRef = 71917E7D21ECB8CE0077ADF4 /* UIView+Nib.swift */; };
		71917E8521ECB8CE0077ADF4 /* CustomizedNavigation.swift in Sources */ = {isa = PBXBuildFile; fileRef = 71917E7E21ECB8CE0077ADF4 /* CustomizedNavigation.swift */; };
		71917E8721ECB93A0077ADF4 /* AttributtedString+Foundation.swift in Sources */ = {isa = PBXBuildFile; fileRef = 71917E8621ECB93A0077ADF4 /* AttributtedString+Foundation.swift */; };
		71917E8B21ECBC6A0077ADF4 /* SuccessViewController.xib in Resources */ = {isa = PBXBuildFile; fileRef = 71917E8921ECBC6A0077ADF4 /* SuccessViewController.xib */; };
		71917E8C21ECBC6A0077ADF4 /* SuccessViewController.swift in Sources */ = {isa = PBXBuildFile; fileRef = 71917E8A21ECBC6A0077ADF4 /* SuccessViewController.swift */; };
		71917E8E21ECBCEE0077ADF4 /* String+Validation.swift in Sources */ = {isa = PBXBuildFile; fileRef = 71917E8D21ECBCED0077ADF4 /* String+Validation.swift */; };
		71917E9321ECBFD90077ADF4 /* UIImage+Color.swift in Sources */ = {isa = PBXBuildFile; fileRef = 71917E9221ECBFD90077ADF4 /* UIImage+Color.swift */; };
		71917E9521ECC08C0077ADF4 /* String+CoreFoundation.swift in Sources */ = {isa = PBXBuildFile; fileRef = 71917E9421ECC08C0077ADF4 /* String+CoreFoundation.swift */; };
		71917E9721ECC0A70077ADF4 /* UIViewExtensions.swift in Sources */ = {isa = PBXBuildFile; fileRef = 71917E9621ECC0A70077ADF4 /* UIViewExtensions.swift */; };
		7199ADAD21EC8A1D0066B969 /* AppDelegate.swift in Sources */ = {isa = PBXBuildFile; fileRef = 7199ADAC21EC8A1D0066B969 /* AppDelegate.swift */; };
		7199ADC421EC8AB10066B969 /* Authentication.storyboard in Resources */ = {isa = PBXBuildFile; fileRef = 7199ADC321EC8AB10066B969 /* Authentication.storyboard */; };
		7199ADD021EC8AD70066B969 /* CommonTableViewCell.swift in Sources */ = {isa = PBXBuildFile; fileRef = 7199ADC621EC8AD70066B969 /* CommonTableViewCell.swift */; };
		7199ADD521EC8AD70066B969 /* ForgotPasswordViewController.swift in Sources */ = {isa = PBXBuildFile; fileRef = 7199ADCC21EC8AD70066B969 /* ForgotPasswordViewController.swift */; };
		7199ADD621EC8AD70066B969 /* ResetPasswordViewController.swift in Sources */ = {isa = PBXBuildFile; fileRef = 7199ADCD21EC8AD70066B969 /* ResetPasswordViewController.swift */; };
		7199ADD721EC8AD70066B969 /* LoginViewController.swift in Sources */ = {isa = PBXBuildFile; fileRef = 7199ADCE21EC8AD70066B969 /* LoginViewController.swift */; };
		7199ADD821EC8AD70066B969 /* CommonTableViewCell.xib in Resources */ = {isa = PBXBuildFile; fileRef = 7199ADCF21EC8AD70066B969 /* CommonTableViewCell.xib */; };
		7199ADDA21EC8B380066B969 /* Assets.xcassets in Resources */ = {isa = PBXBuildFile; fileRef = 7199ADD921EC8B370066B969 /* Assets.xcassets */; };
		71D444AA21ECF5AE00BD1AB1 /* LaunchScreen.storyboard in Resources */ = {isa = PBXBuildFile; fileRef = 71D444A921ECF5AE00BD1AB1 /* LaunchScreen.storyboard */; };
		71D444B621ECF8BB00BD1AB1 /* KPItem.swift in Sources */ = {isa = PBXBuildFile; fileRef = 71D444AF21ECF8BA00BD1AB1 /* KPItem.swift */; };
		71D444B721ECF8BB00BD1AB1 /* KPItemView.xib in Resources */ = {isa = PBXBuildFile; fileRef = 71D444B021ECF8BA00BD1AB1 /* KPItemView.xib */; };
		71D444B821ECF8BB00BD1AB1 /* KPActionSheet.swift in Sources */ = {isa = PBXBuildFile; fileRef = 71D444B121ECF8BA00BD1AB1 /* KPActionSheet.swift */; };
		71D444B921ECF8BB00BD1AB1 /* KPItemView.swift in Sources */ = {isa = PBXBuildFile; fileRef = 71D444B321ECF8BA00BD1AB1 /* KPItemView.swift */; };
		C90A34AB23432DD7004092CF /* FirstViewController.swift in Sources */ = {isa = PBXBuildFile; fileRef = C90A34AA23432DD7004092CF /* FirstViewController.swift */; };
		C90A34AD23433BBD004092CF /* ORDesinables.swift in Sources */ = {isa = PBXBuildFile; fileRef = C90A34AC23433BBD004092CF /* ORDesinables.swift */; };
		C90A34AF23434E7C004092CF /* SurveyorLoginViewController.swift in Sources */ = {isa = PBXBuildFile; fileRef = C90A34AE23434E7C004092CF /* SurveyorLoginViewController.swift */; };
/* End PBXBuildFile section */

/* Begin PBXFileReference section */
		25067C152353162F005F7115 /* FynzoWebServices.swift */ = {isa = PBXFileReference; fileEncoding = 4; lastKnownFileType = sourcecode.swift; path = FynzoWebServices.swift; sourceTree = "<group>"; };
		25067C162353162F005F7115 /* FynzoAPIManager.swift */ = {isa = PBXFileReference; fileEncoding = 4; lastKnownFileType = sourcecode.swift; path = FynzoAPIManager.swift; sourceTree = "<group>"; };
		250892AA235D76E5008E1E30 /* SubmitCollectionViewCell.swift */ = {isa = PBXFileReference; lastKnownFileType = sourcecode.swift; path = SubmitCollectionViewCell.swift; sourceTree = "<group>"; };
		250892AB235D76E5008E1E30 /* SubmitCollectionViewCell.xib */ = {isa = PBXFileReference; lastKnownFileType = file.xib; path = SubmitCollectionViewCell.xib; sourceTree = "<group>"; };
		250892AF235D8366008E1E30 /* GIFLoading.swift */ = {isa = PBXFileReference; fileEncoding = 4; lastKnownFileType = sourcecode.swift; path = GIFLoading.swift; sourceTree = "<group>"; };
		250C111B2351A03500758B04 /* FormViewController.swift */ = {isa = PBXFileReference; lastKnownFileType = sourcecode.swift; path = FormViewController.swift; sourceTree = "<group>"; };
		250C111D2351A10400758B04 /* FirstCollectionViewCell.swift */ = {isa = PBXFileReference; lastKnownFileType = sourcecode.swift; path = FirstCollectionViewCell.swift; sourceTree = "<group>"; };
		250C111E2351A10400758B04 /* FirstCollectionViewCell.xib */ = {isa = PBXFileReference; lastKnownFileType = file.xib; path = FirstCollectionViewCell.xib; sourceTree = "<group>"; };
		250C11212351A39B00758B04 /* UICollectionView+Reusable.swift */ = {isa = PBXFileReference; fileEncoding = 4; lastKnownFileType = sourcecode.swift; path = "UICollectionView+Reusable.swift"; sourceTree = "<group>"; };
		250C11262351A78C00758B04 /* StarCollectionViewCell.swift */ = {isa = PBXFileReference; lastKnownFileType = sourcecode.swift; path = StarCollectionViewCell.swift; sourceTree = "<group>"; };
		250C11272351A78C00758B04 /* StarCollectionViewCell.xib */ = {isa = PBXFileReference; lastKnownFileType = file.xib; path = StarCollectionViewCell.xib; sourceTree = "<group>"; };
		250C112A2351A86B00758B04 /* StarTableViewCell.swift */ = {isa = PBXFileReference; lastKnownFileType = sourcecode.swift; path = StarTableViewCell.swift; sourceTree = "<group>"; };
		250C112B2351A86B00758B04 /* StarTableViewCell.xib */ = {isa = PBXFileReference; lastKnownFileType = file.xib; path = StarTableViewCell.xib; sourceTree = "<group>"; };
		250C11312351B74D00758B04 /* CheckboxCollectionViewCell.swift */ = {isa = PBXFileReference; lastKnownFileType = sourcecode.swift; path = CheckboxCollectionViewCell.swift; sourceTree = "<group>"; };
		250C11322351B74D00758B04 /* CheckboxCollectionViewCell.xib */ = {isa = PBXFileReference; lastKnownFileType = file.xib; path = CheckboxCollectionViewCell.xib; sourceTree = "<group>"; };
		250C11392351BDC600758B04 /* CheckBoxInnerCollectionViewCell.swift */ = {isa = PBXFileReference; lastKnownFileType = sourcecode.swift; path = CheckBoxInnerCollectionViewCell.swift; sourceTree = "<group>"; };
		250C113A2351BDC600758B04 /* CheckBoxInnerCollectionViewCell.xib */ = {isa = PBXFileReference; lastKnownFileType = file.xib; path = CheckBoxInnerCollectionViewCell.xib; sourceTree = "<group>"; };
		250C113F2351C20700758B04 /* SquareCollectionViewCell.swift */ = {isa = PBXFileReference; lastKnownFileType = sourcecode.swift; path = SquareCollectionViewCell.swift; sourceTree = "<group>"; };
		250C11402351C20700758B04 /* SquareCollectionViewCell.xib */ = {isa = PBXFileReference; lastKnownFileType = file.xib; path = SquareCollectionViewCell.xib; sourceTree = "<group>"; };
		250C11442351C4D300758B04 /* CardCollectionViewCell.swift */ = {isa = PBXFileReference; lastKnownFileType = sourcecode.swift; path = CardCollectionViewCell.swift; sourceTree = "<group>"; };
		250C11452351C4D300758B04 /* CardCollectionViewCell.xib */ = {isa = PBXFileReference; lastKnownFileType = file.xib; path = CardCollectionViewCell.xib; sourceTree = "<group>"; };
		250C11482351C64600758B04 /* CardInnerCollectionViewCell.swift */ = {isa = PBXFileReference; lastKnownFileType = sourcecode.swift; path = CardInnerCollectionViewCell.swift; sourceTree = "<group>"; };
		250C11492351C64600758B04 /* CardInnerCollectionViewCell.xib */ = {isa = PBXFileReference; lastKnownFileType = file.xib; path = CardInnerCollectionViewCell.xib; sourceTree = "<group>"; };
		250C114E23521E7800758B04 /* TextfieldCollectionViewCell.swift */ = {isa = PBXFileReference; lastKnownFileType = sourcecode.swift; path = TextfieldCollectionViewCell.swift; sourceTree = "<group>"; };
		250C114F23521E7800758B04 /* TextfieldCollectionViewCell.xib */ = {isa = PBXFileReference; lastKnownFileType = file.xib; path = TextfieldCollectionViewCell.xib; sourceTree = "<group>"; };
		250C115223521EAC00758B04 /* TextfieldTableViewCell.swift */ = {isa = PBXFileReference; lastKnownFileType = sourcecode.swift; path = TextfieldTableViewCell.swift; sourceTree = "<group>"; };
		250C115323521EAC00758B04 /* TextfieldTableViewCell.xib */ = {isa = PBXFileReference; lastKnownFileType = file.xib; path = TextfieldTableViewCell.xib; sourceTree = "<group>"; };
		251596D52354DDD200E69D95 /* UserInfo.swift */ = {isa = PBXFileReference; lastKnownFileType = sourcecode.swift; path = UserInfo.swift; sourceTree = "<group>"; };
		251596D92354E2D000E69D95 /* Form.swift */ = {isa = PBXFileReference; lastKnownFileType = sourcecode.swift; path = Form.swift; sourceTree = "<group>"; };
		251596DD2354ECCA00E69D95 /* Questionnaire.swift */ = {isa = PBXFileReference; lastKnownFileType = sourcecode.swift; path = Questionnaire.swift; sourceTree = "<group>"; };
		2517C7CA2359C52A00E7866B /* DropDownCollectionViewCell.swift */ = {isa = PBXFileReference; lastKnownFileType = sourcecode.swift; path = DropDownCollectionViewCell.swift; sourceTree = "<group>"; };
		2517C7CB2359C52A00E7866B /* DropDownCollectionViewCell.xib */ = {isa = PBXFileReference; lastKnownFileType = file.xib; path = DropDownCollectionViewCell.xib; sourceTree = "<group>"; };
		2517C7CE2359C61000E7866B /* DropDownTableViewCell.swift */ = {isa = PBXFileReference; fileEncoding = 4; lastKnownFileType = sourcecode.swift; path = DropDownTableViewCell.swift; sourceTree = "<group>"; };
		2517C7CF2359C61000E7866B /* DropDownTableViewCell.xib */ = {isa = PBXFileReference; fileEncoding = 4; lastKnownFileType = file.xib; path = DropDownTableViewCell.xib; sourceTree = "<group>"; };
		2517C7D32359CC1400E7866B /* PickerView.swift */ = {isa = PBXFileReference; fileEncoding = 4; lastKnownFileType = sourcecode.swift; path = PickerView.swift; sourceTree = "<group>"; };
		2517C7D42359CC1400E7866B /* PickerView.xib */ = {isa = PBXFileReference; fileEncoding = 4; lastKnownFileType = file.xib; path = PickerView.xib; sourceTree = "<group>"; };
		2523078D23641109002A6A24 /* ShareViewController.swift */ = {isa = PBXFileReference; lastKnownFileType = sourcecode.swift; path = ShareViewController.swift; sourceTree = "<group>"; };
		254313C723577A2A007F7918 /* Question.swift */ = {isa = PBXFileReference; lastKnownFileType = sourcecode.swift; path = Question.swift; sourceTree = "<group>"; };
		254A84C2234F8F0200B35EF0 /* Home.storyboard */ = {isa = PBXFileReference; lastKnownFileType = file.storyboard; path = Home.storyboard; sourceTree = "<group>"; };
		254A84C5234F8F2E00B35EF0 /* HomeViewController.swift */ = {isa = PBXFileReference; lastKnownFileType = sourcecode.swift; path = HomeViewController.swift; sourceTree = "<group>"; };
		254A84C8234F91D600B35EF0 /* UserManager.swift */ = {isa = PBXFileReference; fileEncoding = 4; lastKnownFileType = sourcecode.swift; path = UserManager.swift; sourceTree = "<group>"; };
		254A84C9234F91D600B35EF0 /* AppUserDefaultManager.swift */ = {isa = PBXFileReference; fileEncoding = 4; lastKnownFileType = sourcecode.swift; path = AppUserDefaultManager.swift; sourceTree = "<group>"; };
		254A84CE234F954300B35EF0 /* SideMenu.storyboard */ = {isa = PBXFileReference; lastKnownFileType = file.storyboard; path = SideMenu.storyboard; sourceTree = "<group>"; };
		254A84D1234F95AA00B35EF0 /* SideMenuViewController.swift */ = {isa = PBXFileReference; lastKnownFileType = sourcecode.swift; path = SideMenuViewController.swift; sourceTree = "<group>"; };
		254A84D3234F97DD00B35EF0 /* SideMenuTableViewCell.swift */ = {isa = PBXFileReference; fileEncoding = 4; lastKnownFileType = sourcecode.swift; path = SideMenuTableViewCell.swift; sourceTree = "<group>"; };
		254A84D4234F97DE00B35EF0 /* SideMenuTableViewCell.xib */ = {isa = PBXFileReference; fileEncoding = 4; lastKnownFileType = file.xib; path = SideMenuTableViewCell.xib; sourceTree = "<group>"; };
		254A84D7234F99B600B35EF0 /* UIViewController+SideMenu.swift */ = {isa = PBXFileReference; fileEncoding = 4; lastKnownFileType = sourcecode.swift; path = "UIViewController+SideMenu.swift"; sourceTree = "<group>"; };
		254A84D9234F9EA700B35EF0 /* SettingViewController.swift */ = {isa = PBXFileReference; lastKnownFileType = sourcecode.swift; path = SettingViewController.swift; sourceTree = "<group>"; };
		254A84DC234F9EE500B35EF0 /* SettingTableViewCell.swift */ = {isa = PBXFileReference; lastKnownFileType = sourcecode.swift; path = SettingTableViewCell.swift; sourceTree = "<group>"; };
		254A84DD234F9EE500B35EF0 /* SettingTableViewCell.xib */ = {isa = PBXFileReference; lastKnownFileType = file.xib; path = SettingTableViewCell.xib; sourceTree = "<group>"; };
		254A84E0234FA9D800B35EF0 /* HomeTableViewCell.swift */ = {isa = PBXFileReference; lastKnownFileType = sourcecode.swift; path = HomeTableViewCell.swift; sourceTree = "<group>"; };
		254A84E1234FA9D800B35EF0 /* HomeTableViewCell.xib */ = {isa = PBXFileReference; lastKnownFileType = file.xib; path = HomeTableViewCell.xib; sourceTree = "<group>"; };
		25FEE019234E480600BF002A /* AppConfiguration.swift */ = {isa = PBXFileReference; fileEncoding = 4; lastKnownFileType = sourcecode.swift; path = AppConfiguration.swift; sourceTree = "<group>"; };
		25FEE03A234E483300BF002A /* Fynzo.swift */ = {isa = PBXFileReference; fileEncoding = 4; lastKnownFileType = sourcecode.swift; path = Fynzo.swift; sourceTree = "<group>"; };
		25FEE03B234E483300BF002A /* Fynzo+Color.swift */ = {isa = PBXFileReference; fileEncoding = 4; lastKnownFileType = sourcecode.swift; path = "Fynzo+Color.swift"; sourceTree = "<group>"; };
		25FEE03C234E483300BF002A /* Fynzo+Font.swift */ = {isa = PBXFileReference; fileEncoding = 4; lastKnownFileType = sourcecode.swift; path = "Fynzo+Font.swift"; sourceTree = "<group>"; };
		25FEE03D234E483300BF002A /* Fynzo+NavigationItem.swift */ = {isa = PBXFileReference; fileEncoding = 4; lastKnownFileType = sourcecode.swift; path = "Fynzo+NavigationItem.swift"; sourceTree = "<group>"; };
		25FEE03E234E483300BF002A /* Fynzo+Constant.swift */ = {isa = PBXFileReference; fileEncoding = 4; lastKnownFileType = sourcecode.swift; path = "Fynzo+Constant.swift"; sourceTree = "<group>"; };
		25FEE03F234E483300BF002A /* Fynzo+Image.swift */ = {isa = PBXFileReference; fileEncoding = 4; lastKnownFileType = sourcecode.swift; path = "Fynzo+Image.swift"; sourceTree = "<group>"; };
		25FEE042234E483300BF002A /* LoaderView.xib */ = {isa = PBXFileReference; fileEncoding = 4; lastKnownFileType = file.xib; path = LoaderView.xib; sourceTree = "<group>"; };
		25FEE043234E483300BF002A /* LoaderView.swift */ = {isa = PBXFileReference; fileEncoding = 4; lastKnownFileType = sourcecode.swift; path = LoaderView.swift; sourceTree = "<group>"; };
		25FEE046234E483300BF002A /* Poppins-SemiBoldItalic.otf */ = {isa = PBXFileReference; lastKnownFileType = file; path = "Poppins-SemiBoldItalic.otf"; sourceTree = "<group>"; };
		25FEE047234E483300BF002A /* Poppins-ExtraBoldItalic.otf */ = {isa = PBXFileReference; lastKnownFileType = file; path = "Poppins-ExtraBoldItalic.otf"; sourceTree = "<group>"; };
		25FEE048234E483300BF002A /* Poppins-ExtraLight.otf */ = {isa = PBXFileReference; lastKnownFileType = file; path = "Poppins-ExtraLight.otf"; sourceTree = "<group>"; };
		25FEE049234E483300BF002A /* Poppins-ThinItalic.otf */ = {isa = PBXFileReference; lastKnownFileType = file; path = "Poppins-ThinItalic.otf"; sourceTree = "<group>"; };
		25FEE04A234E483300BF002A /* Poppins-ExtraLightItalic.otf */ = {isa = PBXFileReference; lastKnownFileType = file; path = "Poppins-ExtraLightItalic.otf"; sourceTree = "<group>"; };
		25FEE04B234E483300BF002A /* Poppins-Light.otf */ = {isa = PBXFileReference; lastKnownFileType = file; path = "Poppins-Light.otf"; sourceTree = "<group>"; };
		25FEE04C234E483300BF002A /* Poppins-BoldItalic.otf */ = {isa = PBXFileReference; lastKnownFileType = file; path = "Poppins-BoldItalic.otf"; sourceTree = "<group>"; };
		25FEE04D234E483300BF002A /* Poppins-Medium.otf */ = {isa = PBXFileReference; lastKnownFileType = file; path = "Poppins-Medium.otf"; sourceTree = "<group>"; };
		25FEE04E234E483300BF002A /* Poppins-SemiBold.otf */ = {isa = PBXFileReference; lastKnownFileType = file; path = "Poppins-SemiBold.otf"; sourceTree = "<group>"; };
		25FEE04F234E483300BF002A /* Poppins-Italic.otf */ = {isa = PBXFileReference; lastKnownFileType = file; path = "Poppins-Italic.otf"; sourceTree = "<group>"; };
		25FEE050234E483300BF002A /* Poppins-Thin.otf */ = {isa = PBXFileReference; lastKnownFileType = file; path = "Poppins-Thin.otf"; sourceTree = "<group>"; };
		25FEE051234E483300BF002A /* Poppins-MediumItalic.otf */ = {isa = PBXFileReference; lastKnownFileType = file; path = "Poppins-MediumItalic.otf"; sourceTree = "<group>"; };
		25FEE052234E483300BF002A /* Poppins-LightItalic.otf */ = {isa = PBXFileReference; lastKnownFileType = file; path = "Poppins-LightItalic.otf"; sourceTree = "<group>"; };
		25FEE053234E483300BF002A /* Poppins-Bold.otf */ = {isa = PBXFileReference; lastKnownFileType = file; path = "Poppins-Bold.otf"; sourceTree = "<group>"; };
		25FEE054234E483300BF002A /* Poppins-Black.otf */ = {isa = PBXFileReference; lastKnownFileType = file; path = "Poppins-Black.otf"; sourceTree = "<group>"; };
		25FEE055234E483300BF002A /* Poppins-BlackItalic.otf */ = {isa = PBXFileReference; lastKnownFileType = file; path = "Poppins-BlackItalic.otf"; sourceTree = "<group>"; };
		25FEE056234E483300BF002A /* Poppins-Regular.otf */ = {isa = PBXFileReference; lastKnownFileType = file; path = "Poppins-Regular.otf"; sourceTree = "<group>"; };
		25FEE057234E483300BF002A /* Poppins-ExtraBold.otf */ = {isa = PBXFileReference; lastKnownFileType = file; path = "Poppins-ExtraBold.otf"; sourceTree = "<group>"; };
		457444D65E7D507BC1774A41 /* Pods-MyMusicPlayer.debug.xcconfig */ = {isa = PBXFileReference; includeInIndex = 1; lastKnownFileType = text.xcconfig; name = "Pods-MyMusicPlayer.debug.xcconfig"; path = "Pods/Target Support Files/Pods-MyMusicPlayer/Pods-MyMusicPlayer.debug.xcconfig"; sourceTree = "<group>"; };
		5660DA197C549C5D7488CB83 /* Pods-FynzoSurvey.release.xcconfig */ = {isa = PBXFileReference; includeInIndex = 1; lastKnownFileType = text.xcconfig; name = "Pods-FynzoSurvey.release.xcconfig"; path = "Pods/Target Support Files/Pods-FynzoSurvey/Pods-FynzoSurvey.release.xcconfig"; sourceTree = "<group>"; };
		5AED3BE15D3413B80E12E8F3 /* Pods_FynzoSurvey.framework */ = {isa = PBXFileReference; explicitFileType = wrapper.framework; includeInIndex = 0; path = Pods_FynzoSurvey.framework; sourceTree = BUILT_PRODUCTS_DIR; };
		7165960C21ECEA9000D55A14 /* SwifterSwift.swift */ = {isa = PBXFileReference; fileEncoding = 4; lastKnownFileType = sourcecode.swift; path = SwifterSwift.swift; sourceTree = "<group>"; };
		7165960F21ECEAAD00D55A14 /* SCLAlertView.swift */ = {isa = PBXFileReference; fileEncoding = 4; lastKnownFileType = sourcecode.swift; path = SCLAlertView.swift; sourceTree = "<group>"; };
		7165961021ECEAAD00D55A14 /* SCLExtensions.swift */ = {isa = PBXFileReference; fileEncoding = 4; lastKnownFileType = sourcecode.swift; path = SCLExtensions.swift; sourceTree = "<group>"; };
		71917E7521ECB8370077ADF4 /* SignUpViewController.swift */ = {isa = PBXFileReference; lastKnownFileType = sourcecode.swift; path = SignUpViewController.swift; sourceTree = "<group>"; };
		71917E7821ECB8CE0077ADF4 /* UIViewController+NavigationBar.swift */ = {isa = PBXFileReference; fileEncoding = 4; lastKnownFileType = sourcecode.swift; path = "UIViewController+NavigationBar.swift"; sourceTree = "<group>"; };
		71917E7921ECB8CE0077ADF4 /* AppStoryboard.swift */ = {isa = PBXFileReference; fileEncoding = 4; lastKnownFileType = sourcecode.swift; path = AppStoryboard.swift; sourceTree = "<group>"; };
		71917E7A21ECB8CE0077ADF4 /* UIViewController+Alert.swift */ = {isa = PBXFileReference; fileEncoding = 4; lastKnownFileType = sourcecode.swift; path = "UIViewController+Alert.swift"; sourceTree = "<group>"; };
		71917E7B21ECB8CE0077ADF4 /* Reusable.swift */ = {isa = PBXFileReference; fileEncoding = 4; lastKnownFileType = sourcecode.swift; path = Reusable.swift; sourceTree = "<group>"; };
		71917E7C21ECB8CE0077ADF4 /* UITableView+Reusable.swift */ = {isa = PBXFileReference; fileEncoding = 4; lastKnownFileType = sourcecode.swift; path = "UITableView+Reusable.swift"; sourceTree = "<group>"; };
		71917E7D21ECB8CE0077ADF4 /* UIView+Nib.swift */ = {isa = PBXFileReference; fileEncoding = 4; lastKnownFileType = sourcecode.swift; path = "UIView+Nib.swift"; sourceTree = "<group>"; };
		71917E7E21ECB8CE0077ADF4 /* CustomizedNavigation.swift */ = {isa = PBXFileReference; fileEncoding = 4; lastKnownFileType = sourcecode.swift; path = CustomizedNavigation.swift; sourceTree = "<group>"; };
		71917E8621ECB93A0077ADF4 /* AttributtedString+Foundation.swift */ = {isa = PBXFileReference; fileEncoding = 4; lastKnownFileType = sourcecode.swift; path = "AttributtedString+Foundation.swift"; sourceTree = "<group>"; };
		71917E8921ECBC6A0077ADF4 /* SuccessViewController.xib */ = {isa = PBXFileReference; fileEncoding = 4; lastKnownFileType = file.xib; path = SuccessViewController.xib; sourceTree = "<group>"; };
		71917E8A21ECBC6A0077ADF4 /* SuccessViewController.swift */ = {isa = PBXFileReference; fileEncoding = 4; lastKnownFileType = sourcecode.swift; path = SuccessViewController.swift; sourceTree = "<group>"; };
		71917E8D21ECBCED0077ADF4 /* String+Validation.swift */ = {isa = PBXFileReference; fileEncoding = 4; lastKnownFileType = sourcecode.swift; path = "String+Validation.swift"; sourceTree = "<group>"; };
		71917E9221ECBFD90077ADF4 /* UIImage+Color.swift */ = {isa = PBXFileReference; fileEncoding = 4; lastKnownFileType = sourcecode.swift; path = "UIImage+Color.swift"; sourceTree = "<group>"; };
		71917E9421ECC08C0077ADF4 /* String+CoreFoundation.swift */ = {isa = PBXFileReference; fileEncoding = 4; lastKnownFileType = sourcecode.swift; path = "String+CoreFoundation.swift"; sourceTree = "<group>"; };
		71917E9621ECC0A70077ADF4 /* UIViewExtensions.swift */ = {isa = PBXFileReference; fileEncoding = 4; lastKnownFileType = sourcecode.swift; path = UIViewExtensions.swift; sourceTree = "<group>"; };
		7199ADA921EC8A1D0066B969 /* FynzoSurvey.app */ = {isa = PBXFileReference; explicitFileType = wrapper.application; includeInIndex = 0; path = FynzoSurvey.app; sourceTree = BUILT_PRODUCTS_DIR; };
		7199ADAC21EC8A1D0066B969 /* AppDelegate.swift */ = {isa = PBXFileReference; lastKnownFileType = sourcecode.swift; path = AppDelegate.swift; sourceTree = "<group>"; };
		7199ADB821EC8A1D0066B969 /* Info.plist */ = {isa = PBXFileReference; lastKnownFileType = text.plist.xml; path = Info.plist; sourceTree = "<group>"; };
		7199ADC321EC8AB10066B969 /* Authentication.storyboard */ = {isa = PBXFileReference; fileEncoding = 4; lastKnownFileType = file.storyboard; path = Authentication.storyboard; sourceTree = "<group>"; };
		7199ADC621EC8AD70066B969 /* CommonTableViewCell.swift */ = {isa = PBXFileReference; fileEncoding = 4; lastKnownFileType = sourcecode.swift; path = CommonTableViewCell.swift; sourceTree = "<group>"; };
		7199ADCC21EC8AD70066B969 /* ForgotPasswordViewController.swift */ = {isa = PBXFileReference; fileEncoding = 4; lastKnownFileType = sourcecode.swift; path = ForgotPasswordViewController.swift; sourceTree = "<group>"; };
		7199ADCD21EC8AD70066B969 /* ResetPasswordViewController.swift */ = {isa = PBXFileReference; fileEncoding = 4; lastKnownFileType = sourcecode.swift; path = ResetPasswordViewController.swift; sourceTree = "<group>"; };
		7199ADCE21EC8AD70066B969 /* LoginViewController.swift */ = {isa = PBXFileReference; fileEncoding = 4; lastKnownFileType = sourcecode.swift; path = LoginViewController.swift; sourceTree = "<group>"; };
		7199ADCF21EC8AD70066B969 /* CommonTableViewCell.xib */ = {isa = PBXFileReference; fileEncoding = 4; lastKnownFileType = file.xib; path = CommonTableViewCell.xib; sourceTree = "<group>"; };
		7199ADD921EC8B370066B969 /* Assets.xcassets */ = {isa = PBXFileReference; lastKnownFileType = folder.assetcatalog; path = Assets.xcassets; sourceTree = "<group>"; };
		71D444A921ECF5AE00BD1AB1 /* LaunchScreen.storyboard */ = {isa = PBXFileReference; fileEncoding = 4; lastKnownFileType = file.storyboard; path = LaunchScreen.storyboard; sourceTree = "<group>"; };
		71D444AF21ECF8BA00BD1AB1 /* KPItem.swift */ = {isa = PBXFileReference; fileEncoding = 4; lastKnownFileType = sourcecode.swift; path = KPItem.swift; sourceTree = "<group>"; };
		71D444B021ECF8BA00BD1AB1 /* KPItemView.xib */ = {isa = PBXFileReference; fileEncoding = 4; lastKnownFileType = file.xib; path = KPItemView.xib; sourceTree = "<group>"; };
		71D444B121ECF8BA00BD1AB1 /* KPActionSheet.swift */ = {isa = PBXFileReference; fileEncoding = 4; lastKnownFileType = sourcecode.swift; path = KPActionSheet.swift; sourceTree = "<group>"; };
		71D444B221ECF8BA00BD1AB1 /* KPActionSheet.h */ = {isa = PBXFileReference; fileEncoding = 4; lastKnownFileType = sourcecode.c.h; path = KPActionSheet.h; sourceTree = "<group>"; };
		71D444B321ECF8BA00BD1AB1 /* KPItemView.swift */ = {isa = PBXFileReference; fileEncoding = 4; lastKnownFileType = sourcecode.swift; path = KPItemView.swift; sourceTree = "<group>"; };
		B611388644483272E7AA54EF /* Pods-MyMusicPlayer.release.xcconfig */ = {isa = PBXFileReference; includeInIndex = 1; lastKnownFileType = text.xcconfig; name = "Pods-MyMusicPlayer.release.xcconfig"; path = "Pods/Target Support Files/Pods-MyMusicPlayer/Pods-MyMusicPlayer.release.xcconfig"; sourceTree = "<group>"; };
		BFE68A6C5CE2CE08DFC81848 /* Pods-FynzoSurvey.debug.xcconfig */ = {isa = PBXFileReference; includeInIndex = 1; lastKnownFileType = text.xcconfig; name = "Pods-FynzoSurvey.debug.xcconfig"; path = "Pods/Target Support Files/Pods-FynzoSurvey/Pods-FynzoSurvey.debug.xcconfig"; sourceTree = "<group>"; };
		C90A34AA23432DD7004092CF /* FirstViewController.swift */ = {isa = PBXFileReference; lastKnownFileType = sourcecode.swift; path = FirstViewController.swift; sourceTree = "<group>"; };
		C90A34AC23433BBD004092CF /* ORDesinables.swift */ = {isa = PBXFileReference; fileEncoding = 4; lastKnownFileType = sourcecode.swift; path = ORDesinables.swift; sourceTree = "<group>"; };
		C90A34AE23434E7C004092CF /* SurveyorLoginViewController.swift */ = {isa = PBXFileReference; lastKnownFileType = sourcecode.swift; path = SurveyorLoginViewController.swift; sourceTree = "<group>"; };
/* End PBXFileReference section */

/* Begin PBXFrameworksBuildPhase section */
		7199ADA621EC8A1D0066B969 /* Frameworks */ = {
			isa = PBXFrameworksBuildPhase;
			buildActionMask = 2147483647;
			files = (
				5F8B092C3BC88E536F11BF7A /* Pods_FynzoSurvey.framework in Frameworks */,
			);
			runOnlyForDeploymentPostprocessing = 0;
		};
/* End PBXFrameworksBuildPhase section */

/* Begin PBXGroup section */
		250892A9235D76BE008E1E30 /* SubmitCollectionViewCell */ = {
			isa = PBXGroup;
			children = (
				250892AA235D76E5008E1E30 /* SubmitCollectionViewCell.swift */,
				250892AB235D76E5008E1E30 /* SubmitCollectionViewCell.xib */,
			);
			path = SubmitCollectionViewCell;
			sourceTree = "<group>";
		};
		250892AE235D833B008E1E30 /* Loader */ = {
			isa = PBXGroup;
			children = (
				250892AF235D8366008E1E30 /* GIFLoading.swift */,
			);
			path = Loader;
			sourceTree = "<group>";
		};
		250C111A2351A00300758B04 /* Form */ = {
			isa = PBXGroup;
			children = (
				2517C7C92359C50300E7866B /* DropDownCollectionViewCell */,
				250C114D23521E5D00758B04 /* TextFieldCollectionViewCell */,
				250C11432351C49D00758B04 /* CardCollectionViewCell */,
				250C113E2351C1EB00758B04 /* SquareCheckBoxCollectionViewCell */,
				250C11302351B72800758B04 /* CircleCheckBoxCollectionViewCell */,
				250C11252351A76100758B04 /* StarCollectionViewCell */,
				250C11242351A74D00758B04 /* FirstCollectionViewCell */,
				250892A9235D76BE008E1E30 /* SubmitCollectionViewCell */,
				250C111B2351A03500758B04 /* FormViewController.swift */,
			);
			path = Form;
			sourceTree = "<group>";
		};
		250C11242351A74D00758B04 /* FirstCollectionViewCell */ = {
			isa = PBXGroup;
			children = (
				250C111D2351A10400758B04 /* FirstCollectionViewCell.swift */,
				250C111E2351A10400758B04 /* FirstCollectionViewCell.xib */,
			);
			path = FirstCollectionViewCell;
			sourceTree = "<group>";
		};
		250C11252351A76100758B04 /* StarCollectionViewCell */ = {
			isa = PBXGroup;
			children = (
				250C11262351A78C00758B04 /* StarCollectionViewCell.swift */,
				250C11272351A78C00758B04 /* StarCollectionViewCell.xib */,
				250C112A2351A86B00758B04 /* StarTableViewCell.swift */,
				250C112B2351A86B00758B04 /* StarTableViewCell.xib */,
			);
			path = StarCollectionViewCell;
			sourceTree = "<group>";
		};
		250C11302351B72800758B04 /* CircleCheckBoxCollectionViewCell */ = {
			isa = PBXGroup;
			children = (
				250C11312351B74D00758B04 /* CheckboxCollectionViewCell.swift */,
				250C11322351B74D00758B04 /* CheckboxCollectionViewCell.xib */,
				250C11392351BDC600758B04 /* CheckBoxInnerCollectionViewCell.swift */,
				250C113A2351BDC600758B04 /* CheckBoxInnerCollectionViewCell.xib */,
			);
			path = CircleCheckBoxCollectionViewCell;
			sourceTree = "<group>";
		};
		250C113E2351C1EB00758B04 /* SquareCheckBoxCollectionViewCell */ = {
			isa = PBXGroup;
			children = (
				250C113F2351C20700758B04 /* SquareCollectionViewCell.swift */,
				250C11402351C20700758B04 /* SquareCollectionViewCell.xib */,
			);
			path = SquareCheckBoxCollectionViewCell;
			sourceTree = "<group>";
		};
		250C11432351C49D00758B04 /* CardCollectionViewCell */ = {
			isa = PBXGroup;
			children = (
				250C11442351C4D300758B04 /* CardCollectionViewCell.swift */,
				250C11452351C4D300758B04 /* CardCollectionViewCell.xib */,
				250C11482351C64600758B04 /* CardInnerCollectionViewCell.swift */,
				250C11492351C64600758B04 /* CardInnerCollectionViewCell.xib */,
			);
			path = CardCollectionViewCell;
			sourceTree = "<group>";
		};
		250C114D23521E5D00758B04 /* TextFieldCollectionViewCell */ = {
			isa = PBXGroup;
			children = (
				250C114E23521E7800758B04 /* TextfieldCollectionViewCell.swift */,
				250C114F23521E7800758B04 /* TextfieldCollectionViewCell.xib */,
				250C115223521EAC00758B04 /* TextfieldTableViewCell.swift */,
				250C115323521EAC00758B04 /* TextfieldTableViewCell.xib */,
			);
			path = TextFieldCollectionViewCell;
			sourceTree = "<group>";
		};
		251596D42354DD9200E69D95 /* Model */ = {
			isa = PBXGroup;
			children = (
				251596D52354DDD200E69D95 /* UserInfo.swift */,
				254313C723577A2A007F7918 /* Question.swift */,
				251596DD2354ECCA00E69D95 /* Questionnaire.swift */,
				251596D92354E2D000E69D95 /* Form.swift */,
			);
			path = Model;
			sourceTree = "<group>";
		};
		2517C7C92359C50300E7866B /* DropDownCollectionViewCell */ = {
			isa = PBXGroup;
			children = (
				2517C7CA2359C52A00E7866B /* DropDownCollectionViewCell.swift */,
				2517C7CB2359C52A00E7866B /* DropDownCollectionViewCell.xib */,
				2517C7CE2359C61000E7866B /* DropDownTableViewCell.swift */,
				2517C7CF2359C61000E7866B /* DropDownTableViewCell.xib */,
			);
			path = DropDownCollectionViewCell;
			sourceTree = "<group>";
		};
		2517C7D22359CC1400E7866B /* PickerView */ = {
			isa = PBXGroup;
			children = (
				2517C7D32359CC1400E7866B /* PickerView.swift */,
				2517C7D42359CC1400E7866B /* PickerView.xib */,
			);
			name = PickerView;
			path = FynzoSurvey/Venders/PickerView;
			sourceTree = SOURCE_ROOT;
		};
		2523078C236410DD002A6A24 /* Share */ = {
			isa = PBXGroup;
			children = (
				2523078D23641109002A6A24 /* ShareViewController.swift */,
			);
			path = Share;
			sourceTree = "<group>";
		};
		254A84C4234F8F1700B35EF0 /* Home */ = {
			isa = PBXGroup;
			children = (
				2523078C236410DD002A6A24 /* Share */,
				254A84C5234F8F2E00B35EF0 /* HomeViewController.swift */,
				254A84E0234FA9D800B35EF0 /* HomeTableViewCell.swift */,
				254A84E1234FA9D800B35EF0 /* HomeTableViewCell.xib */,
			);
			path = Home;
			sourceTree = "<group>";
		};
		254A84C7234F91D600B35EF0 /* Manager */ = {
			isa = PBXGroup;
			children = (
				254A84C8234F91D600B35EF0 /* UserManager.swift */,
				25067C162353162F005F7115 /* FynzoAPIManager.swift */,
				25067C152353162F005F7115 /* FynzoWebServices.swift */,
				254A84C9234F91D600B35EF0 /* AppUserDefaultManager.swift */,
			);
			name = Manager;
			path = FynzoSurvey/Manager;
			sourceTree = SOURCE_ROOT;
		};
		254A84D0234F955900B35EF0 /* SideMenu */ = {
			isa = PBXGroup;
			children = (
				254A84DB234F9EC700B35EF0 /* Setting */,
				254A84D1234F95AA00B35EF0 /* SideMenuViewController.swift */,
				254A84D3234F97DD00B35EF0 /* SideMenuTableViewCell.swift */,
				254A84D4234F97DE00B35EF0 /* SideMenuTableViewCell.xib */,
			);
			path = SideMenu;
			sourceTree = "<group>";
		};
		254A84DB234F9EC700B35EF0 /* Setting */ = {
			isa = PBXGroup;
			children = (
				254A84D9234F9EA700B35EF0 /* SettingViewController.swift */,
				254A84DC234F9EE500B35EF0 /* SettingTableViewCell.swift */,
				254A84DD234F9EE500B35EF0 /* SettingTableViewCell.xib */,
			);
			path = Setting;
			sourceTree = "<group>";
		};
		25FEE018234E480600BF002A /* AppConfiguration */ = {
			isa = PBXGroup;
			children = (
				25FEE019234E480600BF002A /* AppConfiguration.swift */,
			);
			path = AppConfiguration;
			sourceTree = "<group>";
		};
		25FEE01B234E483300BF002A /* Fynzo */ = {
			isa = PBXGroup;
			children = (
				71917E7721ECB8C40077ADF4 /* Core */,
				25FEE039234E483300BF002A /* FynzoTheme */,
				25FEE040234E483300BF002A /* View */,
				25FEE045234E483300BF002A /* Fonts */,
			);
			path = Fynzo;
			sourceTree = "<group>";
		};
		25FEE039234E483300BF002A /* FynzoTheme */ = {
			isa = PBXGroup;
			children = (
				25FEE03A234E483300BF002A /* Fynzo.swift */,
				25FEE03B234E483300BF002A /* Fynzo+Color.swift */,
				25FEE03C234E483300BF002A /* Fynzo+Font.swift */,
				25FEE03D234E483300BF002A /* Fynzo+NavigationItem.swift */,
				25FEE03E234E483300BF002A /* Fynzo+Constant.swift */,
				25FEE03F234E483300BF002A /* Fynzo+Image.swift */,
			);
			path = FynzoTheme;
			sourceTree = "<group>";
		};
		25FEE040234E483300BF002A /* View */ = {
			isa = PBXGroup;
			children = (
				25FEE042234E483300BF002A /* LoaderView.xib */,
				25FEE043234E483300BF002A /* LoaderView.swift */,
			);
			path = View;
			sourceTree = "<group>";
		};
		25FEE045234E483300BF002A /* Fonts */ = {
			isa = PBXGroup;
			children = (
				25FEE046234E483300BF002A /* Poppins-SemiBoldItalic.otf */,
				25FEE047234E483300BF002A /* Poppins-ExtraBoldItalic.otf */,
				25FEE048234E483300BF002A /* Poppins-ExtraLight.otf */,
				25FEE049234E483300BF002A /* Poppins-ThinItalic.otf */,
				25FEE04A234E483300BF002A /* Poppins-ExtraLightItalic.otf */,
				25FEE04B234E483300BF002A /* Poppins-Light.otf */,
				25FEE04C234E483300BF002A /* Poppins-BoldItalic.otf */,
				25FEE04D234E483300BF002A /* Poppins-Medium.otf */,
				25FEE04E234E483300BF002A /* Poppins-SemiBold.otf */,
				25FEE04F234E483300BF002A /* Poppins-Italic.otf */,
				25FEE050234E483300BF002A /* Poppins-Thin.otf */,
				25FEE051234E483300BF002A /* Poppins-MediumItalic.otf */,
				25FEE052234E483300BF002A /* Poppins-LightItalic.otf */,
				25FEE053234E483300BF002A /* Poppins-Bold.otf */,
				25FEE054234E483300BF002A /* Poppins-Black.otf */,
				25FEE055234E483300BF002A /* Poppins-BlackItalic.otf */,
				25FEE056234E483300BF002A /* Poppins-Regular.otf */,
				25FEE057234E483300BF002A /* Poppins-ExtraBold.otf */,
			);
			path = Fonts;
			sourceTree = "<group>";
		};
		49F392186B64C89D2966E1CD /* Pods */ = {
			isa = PBXGroup;
			children = (
				457444D65E7D507BC1774A41 /* Pods-MyMusicPlayer.debug.xcconfig */,
				B611388644483272E7AA54EF /* Pods-MyMusicPlayer.release.xcconfig */,
				BFE68A6C5CE2CE08DFC81848 /* Pods-FynzoSurvey.debug.xcconfig */,
				5660DA197C549C5D7488CB83 /* Pods-FynzoSurvey.release.xcconfig */,
			);
			name = Pods;
			sourceTree = "<group>";
		};
		51211FEF55140D2BB6B11FC5 /* Frameworks */ = {
			isa = PBXGroup;
			children = (
				5AED3BE15D3413B80E12E8F3 /* Pods_FynzoSurvey.framework */,
			);
			name = Frameworks;
			sourceTree = "<group>";
		};
		7165960E21ECEAAD00D55A14 /* AlertView */ = {
			isa = PBXGroup;
			children = (
				7165960F21ECEAAD00D55A14 /* SCLAlertView.swift */,
				7165961021ECEAAD00D55A14 /* SCLExtensions.swift */,
			);
			path = AlertView;
			sourceTree = "<group>";
		};
		71917E7721ECB8C40077ADF4 /* Core */ = {
			isa = PBXGroup;
			children = (
				71917E9621ECC0A70077ADF4 /* UIViewExtensions.swift */,
				254A84D7234F99B600B35EF0 /* UIViewController+SideMenu.swift */,
				C90A34AC23433BBD004092CF /* ORDesinables.swift */,
				71917E9421ECC08C0077ADF4 /* String+CoreFoundation.swift */,
				71917E9221ECBFD90077ADF4 /* UIImage+Color.swift */,
				71917E8D21ECBCED0077ADF4 /* String+Validation.swift */,
				71917E7921ECB8CE0077ADF4 /* AppStoryboard.swift */,
				71917E7E21ECB8CE0077ADF4 /* CustomizedNavigation.swift */,
				71917E7B21ECB8CE0077ADF4 /* Reusable.swift */,
				71917E7C21ECB8CE0077ADF4 /* UITableView+Reusable.swift */,
				250C11212351A39B00758B04 /* UICollectionView+Reusable.swift */,
				71917E7D21ECB8CE0077ADF4 /* UIView+Nib.swift */,
				71917E7A21ECB8CE0077ADF4 /* UIViewController+Alert.swift */,
				71917E8621ECB93A0077ADF4 /* AttributtedString+Foundation.swift */,
				71917E7821ECB8CE0077ADF4 /* UIViewController+NavigationBar.swift */,
				7165960C21ECEA9000D55A14 /* SwifterSwift.swift */,
			);
			path = Core;
			sourceTree = "<group>";
		};
		71917E8821ECBC6A0077ADF4 /* Success */ = {
			isa = PBXGroup;
			children = (
				71917E8921ECBC6A0077ADF4 /* SuccessViewController.xib */,
				71917E8A21ECBC6A0077ADF4 /* SuccessViewController.swift */,
			);
			path = Success;
			sourceTree = "<group>";
		};
		71917E9821ECC1410077ADF4 /* Venders */ = {
			isa = PBXGroup;
			children = (
				250892AE235D833B008E1E30 /* Loader */,
				71D444AE21ECF8BA00BD1AB1 /* ActionSheet */,
				2517C7D22359CC1400E7866B /* PickerView */,
				7165960E21ECEAAD00D55A14 /* AlertView */,
			);
			path = Venders;
			sourceTree = "<group>";
		};
		7199ADA021EC8A1D0066B969 = {
			isa = PBXGroup;
			children = (
				7199ADAB21EC8A1D0066B969 /* FynzoSurvey */,
				7199ADAA21EC8A1D0066B969 /* Products */,
				49F392186B64C89D2966E1CD /* Pods */,
				51211FEF55140D2BB6B11FC5 /* Frameworks */,
			);
			sourceTree = "<group>";
		};
		7199ADAA21EC8A1D0066B969 /* Products */ = {
			isa = PBXGroup;
			children = (
				7199ADA921EC8A1D0066B969 /* FynzoSurvey.app */,
			);
			name = Products;
			sourceTree = "<group>";
		};
		7199ADAB21EC8A1D0066B969 /* FynzoSurvey */ = {
			isa = PBXGroup;
			children = (
				254A84C7234F91D600B35EF0 /* Manager */,
				25FEE018234E480600BF002A /* AppConfiguration */,
				251596D42354DD9200E69D95 /* Model */,
				71917E9821ECC1410077ADF4 /* Venders */,
				25FEE01B234E483300BF002A /* Fynzo */,
				7199ADBF21EC8A430066B969 /* AppDelegate */,
				7199ADC121EC8A5C0066B969 /* ViewControllers */,
				7199ADC221EC8A850066B969 /* Assets */,
				7199ADC021EC8A4F0066B969 /* Storyboard */,
				7199ADB821EC8A1D0066B969 /* Info.plist */,
			);
			path = FynzoSurvey;
			sourceTree = "<group>";
		};
		7199ADBF21EC8A430066B969 /* AppDelegate */ = {
			isa = PBXGroup;
			children = (
				7199ADAC21EC8A1D0066B969 /* AppDelegate.swift */,
			);
			path = AppDelegate;
			sourceTree = "<group>";
		};
		7199ADC021EC8A4F0066B969 /* Storyboard */ = {
			isa = PBXGroup;
			children = (
				7199ADC321EC8AB10066B969 /* Authentication.storyboard */,
				71D444A921ECF5AE00BD1AB1 /* LaunchScreen.storyboard */,
				254A84C2234F8F0200B35EF0 /* Home.storyboard */,
				254A84CE234F954300B35EF0 /* SideMenu.storyboard */,
			);
			path = Storyboard;
			sourceTree = "<group>";
		};
		7199ADC121EC8A5C0066B969 /* ViewControllers */ = {
			isa = PBXGroup;
			children = (
				250C111A2351A00300758B04 /* Form */,
				254A84D0234F955900B35EF0 /* SideMenu */,
				254A84C4234F8F1700B35EF0 /* Home */,
				71917E8821ECBC6A0077ADF4 /* Success */,
				7199ADC521EC8AD70066B969 /* Authentication */,
			);
			path = ViewControllers;
			sourceTree = "<group>";
		};
		7199ADC221EC8A850066B969 /* Assets */ = {
			isa = PBXGroup;
			children = (
				7199ADD921EC8B370066B969 /* Assets.xcassets */,
			);
			path = Assets;
			sourceTree = "<group>";
		};
		7199ADC521EC8AD70066B969 /* Authentication */ = {
			isa = PBXGroup;
			children = (
				7199ADC621EC8AD70066B969 /* CommonTableViewCell.swift */,
				7199ADCF21EC8AD70066B969 /* CommonTableViewCell.xib */,
				7199ADCC21EC8AD70066B969 /* ForgotPasswordViewController.swift */,
				7199ADCD21EC8AD70066B969 /* ResetPasswordViewController.swift */,
				7199ADCE21EC8AD70066B969 /* LoginViewController.swift */,
				71917E7521ECB8370077ADF4 /* SignUpViewController.swift */,
				C90A34AA23432DD7004092CF /* FirstViewController.swift */,
				C90A34AE23434E7C004092CF /* SurveyorLoginViewController.swift */,
			);
			path = Authentication;
			sourceTree = "<group>";
		};
		71D444AE21ECF8BA00BD1AB1 /* ActionSheet */ = {
			isa = PBXGroup;
			children = (
				71D444AF21ECF8BA00BD1AB1 /* KPItem.swift */,
				71D444B021ECF8BA00BD1AB1 /* KPItemView.xib */,
				71D444B121ECF8BA00BD1AB1 /* KPActionSheet.swift */,
				71D444B221ECF8BA00BD1AB1 /* KPActionSheet.h */,
				71D444B321ECF8BA00BD1AB1 /* KPItemView.swift */,
			);
			path = ActionSheet;
			sourceTree = "<group>";
		};
/* End PBXGroup section */

/* Begin PBXNativeTarget section */
		7199ADA821EC8A1D0066B969 /* FynzoSurvey */ = {
			isa = PBXNativeTarget;
			buildConfigurationList = 7199ADBB21EC8A1D0066B969 /* Build configuration list for PBXNativeTarget "FynzoSurvey" */;
			buildPhases = (
				BE8E412CBD73AD5D584069C7 /* [CP] Check Pods Manifest.lock */,
				7199ADA521EC8A1D0066B969 /* Sources */,
				7199ADA621EC8A1D0066B969 /* Frameworks */,
				7199ADA721EC8A1D0066B969 /* Resources */,
				81347DBD433104B13B4D8A30 /* [CP] Embed Pods Frameworks */,
			);
			buildRules = (
			);
			dependencies = (
			);
			name = FynzoSurvey;
			productName = MyMusicPlayer;
			productReference = 7199ADA921EC8A1D0066B969 /* FynzoSurvey.app */;
			productType = "com.apple.product-type.application";
		};
/* End PBXNativeTarget section */

/* Begin PBXProject section */
		7199ADA121EC8A1D0066B969 /* Project object */ = {
			isa = PBXProject;
			attributes = {
				LastSwiftUpdateCheck = 1010;
				LastUpgradeCheck = 1010;
				ORGANIZATIONNAME = "Mohd Maruf";
				TargetAttributes = {
					7199ADA821EC8A1D0066B969 = {
						CreatedOnToolsVersion = 10.1;
					};
				};
			};
			buildConfigurationList = 7199ADA421EC8A1D0066B969 /* Build configuration list for PBXProject "FynzoSurvey" */;
			compatibilityVersion = "Xcode 9.3";
			developmentRegion = en;
			hasScannedForEncodings = 0;
			knownRegions = (
				en,
				Base,
			);
			mainGroup = 7199ADA021EC8A1D0066B969;
			productRefGroup = 7199ADAA21EC8A1D0066B969 /* Products */;
			projectDirPath = "";
			projectRoot = "";
			targets = (
				7199ADA821EC8A1D0066B969 /* FynzoSurvey */,
			);
		};
/* End PBXProject section */

/* Begin PBXResourcesBuildPhase section */
		7199ADA721EC8A1D0066B969 /* Resources */ = {
			isa = PBXResourcesBuildPhase;
			buildActionMask = 2147483647;
			files = (
				25FEE084234E483300BF002A /* Poppins-BoldItalic.otf in Resources */,
				7199ADD821EC8AD70066B969 /* CommonTableViewCell.xib in Resources */,
				25FEE082234E483300BF002A /* Poppins-ExtraLightItalic.otf in Resources */,
				254A84CF234F954300B35EF0 /* SideMenu.storyboard in Resources */,
				250892AD235D76E5008E1E30 /* SubmitCollectionViewCell.xib in Resources */,
				250C11202351A10400758B04 /* FirstCollectionViewCell.xib in Resources */,
				250C112D2351A86B00758B04 /* StarTableViewCell.xib in Resources */,
				25FEE07B234E483300BF002A /* LoaderView.xib in Resources */,
				25FEE08D234E483300BF002A /* Poppins-BlackItalic.otf in Resources */,
				250C115123521E7800758B04 /* TextfieldCollectionViewCell.xib in Resources */,
				25FEE08E234E483300BF002A /* Poppins-Regular.otf in Resources */,
				250C11422351C20700758B04 /* SquareCollectionViewCell.xib in Resources */,
				25FEE07F234E483300BF002A /* Poppins-ExtraBoldItalic.otf in Resources */,
				25FEE08B234E483300BF002A /* Poppins-Bold.otf in Resources */,
				25FEE07E234E483300BF002A /* Poppins-SemiBoldItalic.otf in Resources */,
				250C11472351C4D300758B04 /* CardCollectionViewCell.xib in Resources */,
				250C115523521EAC00758B04 /* TextfieldTableViewCell.xib in Resources */,
				25FEE083234E483300BF002A /* Poppins-Light.otf in Resources */,
				250C11292351A78C00758B04 /* StarCollectionViewCell.xib in Resources */,
				25FEE085234E483300BF002A /* Poppins-Medium.otf in Resources */,
				254A84DF234F9EE500B35EF0 /* SettingTableViewCell.xib in Resources */,
				7199ADC421EC8AB10066B969 /* Authentication.storyboard in Resources */,
				2517C7CD2359C52A00E7866B /* DropDownCollectionViewCell.xib in Resources */,
				25FEE088234E483300BF002A /* Poppins-Thin.otf in Resources */,
				25FEE08C234E483300BF002A /* Poppins-Black.otf in Resources */,
				25FEE081234E483300BF002A /* Poppins-ThinItalic.otf in Resources */,
				2517C7D62359CC1400E7866B /* PickerView.xib in Resources */,
				254A84C3234F8F0200B35EF0 /* Home.storyboard in Resources */,
				250C11342351B74D00758B04 /* CheckboxCollectionViewCell.xib in Resources */,
				25FEE087234E483300BF002A /* Poppins-Italic.otf in Resources */,
				25FEE08F234E483300BF002A /* Poppins-ExtraBold.otf in Resources */,
				2517C7D12359C61000E7866B /* DropDownTableViewCell.xib in Resources */,
				25FEE086234E483300BF002A /* Poppins-SemiBold.otf in Resources */,
				25FEE089234E483300BF002A /* Poppins-MediumItalic.otf in Resources */,
				250C113C2351BDC600758B04 /* CheckBoxInnerCollectionViewCell.xib in Resources */,
				71D444B721ECF8BB00BD1AB1 /* KPItemView.xib in Resources */,
				71917E8B21ECBC6A0077ADF4 /* SuccessViewController.xib in Resources */,
				254A84D6234F97DE00B35EF0 /* SideMenuTableViewCell.xib in Resources */,
				71D444AA21ECF5AE00BD1AB1 /* LaunchScreen.storyboard in Resources */,
				250C114B2351C64600758B04 /* CardInnerCollectionViewCell.xib in Resources */,
				25FEE080234E483300BF002A /* Poppins-ExtraLight.otf in Resources */,
				7199ADDA21EC8B380066B969 /* Assets.xcassets in Resources */,
				254A84E3234FA9D800B35EF0 /* HomeTableViewCell.xib in Resources */,
				25FEE08A234E483300BF002A /* Poppins-LightItalic.otf in Resources */,
			);
			runOnlyForDeploymentPostprocessing = 0;
		};
/* End PBXResourcesBuildPhase section */

/* Begin PBXShellScriptBuildPhase section */
		81347DBD433104B13B4D8A30 /* [CP] Embed Pods Frameworks */ = {
			isa = PBXShellScriptBuildPhase;
			buildActionMask = 2147483647;
			files = (
			);
			inputFileListPaths = (
				"${PODS_ROOT}/Target Support Files/Pods-FynzoSurvey/Pods-FynzoSurvey-frameworks-${CONFIGURATION}-input-files.xcfilelist",
			);
			name = "[CP] Embed Pods Frameworks";
			outputFileListPaths = (
				"${PODS_ROOT}/Target Support Files/Pods-FynzoSurvey/Pods-FynzoSurvey-frameworks-${CONFIGURATION}-output-files.xcfilelist",
			);
			runOnlyForDeploymentPostprocessing = 0;
			shellPath = /bin/sh;
			shellScript = "\"${PODS_ROOT}/Target Support Files/Pods-FynzoSurvey/Pods-FynzoSurvey-frameworks.sh\"\n";
			showEnvVarsInLog = 0;
		};
		BE8E412CBD73AD5D584069C7 /* [CP] Check Pods Manifest.lock */ = {
			isa = PBXShellScriptBuildPhase;
			buildActionMask = 2147483647;
			files = (
			);
			inputFileListPaths = (
			);
			inputPaths = (
				"${PODS_PODFILE_DIR_PATH}/Podfile.lock",
				"${PODS_ROOT}/Manifest.lock",
			);
			name = "[CP] Check Pods Manifest.lock";
			outputFileListPaths = (
			);
			outputPaths = (
				"$(DERIVED_FILE_DIR)/Pods-FynzoSurvey-checkManifestLockResult.txt",
			);
			runOnlyForDeploymentPostprocessing = 0;
			shellPath = /bin/sh;
			shellScript = "diff \"${PODS_PODFILE_DIR_PATH}/Podfile.lock\" \"${PODS_ROOT}/Manifest.lock\" > /dev/null\nif [ $? != 0 ] ; then\n    # print error to STDERR\n    echo \"error: The sandbox is not in sync with the Podfile.lock. Run 'pod install' or update your CocoaPods installation.\" >&2\n    exit 1\nfi\n# This output is used by Xcode 'outputs' to avoid re-running this script phase.\necho \"SUCCESS\" > \"${SCRIPT_OUTPUT_FILE_0}\"\n";
			showEnvVarsInLog = 0;
		};
/* End PBXShellScriptBuildPhase section */

/* Begin PBXSourcesBuildPhase section */
		7199ADA521EC8A1D0066B969 /* Sources */ = {
			isa = PBXSourcesBuildPhase;
			buildActionMask = 2147483647;
			files = (
				25FEE079234E483300BF002A /* Fynzo+Image.swift in Sources */,
				250C112C2351A86B00758B04 /* StarTableViewCell.swift in Sources */,
				7165961221ECEAAD00D55A14 /* SCLExtensions.swift in Sources */,
				250C11462351C4D300758B04 /* CardCollectionViewCell.swift in Sources */,
				71917E8121ECB8CE0077ADF4 /* UIViewController+Alert.swift in Sources */,
				251596D62354DDD200E69D95 /* UserInfo.swift in Sources */,
				254A84CA234F91D600B35EF0 /* UserManager.swift in Sources */,
				25FEE01A234E480600BF002A /* AppConfiguration.swift in Sources */,
				250C11222351A39B00758B04 /* UICollectionView+Reusable.swift in Sources */,
				2517C7D02359C61000E7866B /* DropDownTableViewCell.swift in Sources */,
				71917E8021ECB8CE0077ADF4 /* AppStoryboard.swift in Sources */,
				250892B0235D8366008E1E30 /* GIFLoading.swift in Sources */,
				2523078E23641109002A6A24 /* ShareViewController.swift in Sources */,
				251596DA2354E2D000E69D95 /* Form.swift in Sources */,
				71917E9521ECC08C0077ADF4 /* String+CoreFoundation.swift in Sources */,
				254313C823577A2A007F7918 /* Question.swift in Sources */,
				C90A34AF23434E7C004092CF /* SurveyorLoginViewController.swift in Sources */,
				251596DE2354ECCA00E69D95 /* Questionnaire.swift in Sources */,
				250C11332351B74D00758B04 /* CheckboxCollectionViewCell.swift in Sources */,
				71917E8721ECB93A0077ADF4 /* AttributtedString+Foundation.swift in Sources */,
				7199ADD721EC8AD70066B969 /* LoginViewController.swift in Sources */,
				250C113B2351BDC600758B04 /* CheckBoxInnerCollectionViewCell.swift in Sources */,
				71D444B821ECF8BB00BD1AB1 /* KPActionSheet.swift in Sources */,
				25FEE077234E483300BF002A /* Fynzo+NavigationItem.swift in Sources */,
				7199ADD021EC8AD70066B969 /* CommonTableViewCell.swift in Sources */,
				254A84D2234F95AA00B35EF0 /* SideMenuViewController.swift in Sources */,
				25FEE078234E483300BF002A /* Fynzo+Constant.swift in Sources */,
				250C11282351A78C00758B04 /* StarCollectionViewCell.swift in Sources */,
				254A84CB234F91D600B35EF0 /* AppUserDefaultManager.swift in Sources */,
				25067C1823531630005F7115 /* FynzoAPIManager.swift in Sources */,
				250C11412351C20700758B04 /* SquareCollectionViewCell.swift in Sources */,
				25FEE075234E483300BF002A /* Fynzo+Color.swift in Sources */,
				250C111C2351A03500758B04 /* FormViewController.swift in Sources */,
				2517C7CC2359C52A00E7866B /* DropDownCollectionViewCell.swift in Sources */,
				71917E9721ECC0A70077ADF4 /* UIViewExtensions.swift in Sources */,
				71917E8321ECB8CE0077ADF4 /* UITableView+Reusable.swift in Sources */,
				25FEE074234E483300BF002A /* Fynzo.swift in Sources */,
				71917E8221ECB8CE0077ADF4 /* Reusable.swift in Sources */,
				254A84DE234F9EE500B35EF0 /* SettingTableViewCell.swift in Sources */,
				7199ADD521EC8AD70066B969 /* ForgotPasswordViewController.swift in Sources */,
				2517C7D52359CC1400E7866B /* PickerView.swift in Sources */,
				7199ADD621EC8AD70066B969 /* ResetPasswordViewController.swift in Sources */,
				254A84DA234F9EA700B35EF0 /* SettingViewController.swift in Sources */,
				25FEE07C234E483300BF002A /* LoaderView.swift in Sources */,
				254A84C6234F8F2E00B35EF0 /* HomeViewController.swift in Sources */,
				25FEE076234E483300BF002A /* Fynzo+Font.swift in Sources */,
				7165961121ECEAAD00D55A14 /* SCLAlertView.swift in Sources */,
				25067C1723531630005F7115 /* FynzoWebServices.swift in Sources */,
				71917E8421ECB8CE0077ADF4 /* UIView+Nib.swift in Sources */,
				71917E9321ECBFD90077ADF4 /* UIImage+Color.swift in Sources */,
				7199ADAD21EC8A1D0066B969 /* AppDelegate.swift in Sources */,
				71917E7621ECB8370077ADF4 /* SignUpViewController.swift in Sources */,
				71D444B621ECF8BB00BD1AB1 /* KPItem.swift in Sources */,
				71917E8521ECB8CE0077ADF4 /* CustomizedNavigation.swift in Sources */,
				250C114A2351C64600758B04 /* CardInnerCollectionViewCell.swift in Sources */,
				250C115023521E7800758B04 /* TextfieldCollectionViewCell.swift in Sources */,
				254A84D8234F99B600B35EF0 /* UIViewController+SideMenu.swift in Sources */,
				71D444B921ECF8BB00BD1AB1 /* KPItemView.swift in Sources */,
				250892AC235D76E5008E1E30 /* SubmitCollectionViewCell.swift in Sources */,
				71917E8C21ECBC6A0077ADF4 /* SuccessViewController.swift in Sources */,
				250C111F2351A10400758B04 /* FirstCollectionViewCell.swift in Sources */,
				71917E7F21ECB8CE0077ADF4 /* UIViewController+NavigationBar.swift in Sources */,
				254A84E2234FA9D800B35EF0 /* HomeTableViewCell.swift in Sources */,
				7165960D21ECEA9000D55A14 /* SwifterSwift.swift in Sources */,
				250C115423521EAC00758B04 /* TextfieldTableViewCell.swift in Sources */,
				71917E8E21ECBCEE0077ADF4 /* String+Validation.swift in Sources */,
				254A84D5234F97DE00B35EF0 /* SideMenuTableViewCell.swift in Sources */,
				C90A34AB23432DD7004092CF /* FirstViewController.swift in Sources */,
				C90A34AD23433BBD004092CF /* ORDesinables.swift in Sources */,
			);
			runOnlyForDeploymentPostprocessing = 0;
		};
/* End PBXSourcesBuildPhase section */

/* Begin XCBuildConfiguration section */
		7199ADB921EC8A1D0066B969 /* Debug */ = {
			isa = XCBuildConfiguration;
			buildSettings = {
				ALWAYS_SEARCH_USER_PATHS = NO;
				CLANG_ANALYZER_NONNULL = YES;
				CLANG_ANALYZER_NUMBER_OBJECT_CONVERSION = YES_AGGRESSIVE;
				CLANG_CXX_LANGUAGE_STANDARD = "gnu++14";
				CLANG_CXX_LIBRARY = "libc++";
				CLANG_ENABLE_MODULES = YES;
				CLANG_ENABLE_OBJC_ARC = YES;
				CLANG_ENABLE_OBJC_WEAK = YES;
				CLANG_WARN_BLOCK_CAPTURE_AUTORELEASING = YES;
				CLANG_WARN_BOOL_CONVERSION = YES;
				CLANG_WARN_COMMA = YES;
				CLANG_WARN_CONSTANT_CONVERSION = YES;
				CLANG_WARN_DEPRECATED_OBJC_IMPLEMENTATIONS = YES;
				CLANG_WARN_DIRECT_OBJC_ISA_USAGE = YES_ERROR;
				CLANG_WARN_DOCUMENTATION_COMMENTS = YES;
				CLANG_WARN_EMPTY_BODY = YES;
				CLANG_WARN_ENUM_CONVERSION = YES;
				CLANG_WARN_INFINITE_RECURSION = YES;
				CLANG_WARN_INT_CONVERSION = YES;
				CLANG_WARN_NON_LITERAL_NULL_CONVERSION = YES;
				CLANG_WARN_OBJC_IMPLICIT_RETAIN_SELF = YES;
				CLANG_WARN_OBJC_LITERAL_CONVERSION = YES;
				CLANG_WARN_OBJC_ROOT_CLASS = YES_ERROR;
				CLANG_WARN_RANGE_LOOP_ANALYSIS = YES;
				CLANG_WARN_STRICT_PROTOTYPES = YES;
				CLANG_WARN_SUSPICIOUS_MOVE = YES;
				CLANG_WARN_UNGUARDED_AVAILABILITY = YES_AGGRESSIVE;
				CLANG_WARN_UNREACHABLE_CODE = YES;
				CLANG_WARN__DUPLICATE_METHOD_MATCH = YES;
				CODE_SIGN_IDENTITY = "iPhone Developer";
				COPY_PHASE_STRIP = NO;
				DEBUG_INFORMATION_FORMAT = dwarf;
				ENABLE_STRICT_OBJC_MSGSEND = YES;
				ENABLE_TESTABILITY = YES;
				GCC_C_LANGUAGE_STANDARD = gnu11;
				GCC_DYNAMIC_NO_PIC = NO;
				GCC_NO_COMMON_BLOCKS = YES;
				GCC_OPTIMIZATION_LEVEL = 0;
				GCC_PREPROCESSOR_DEFINITIONS = (
					"DEBUG=1",
					"$(inherited)",
				);
				GCC_WARN_64_TO_32_BIT_CONVERSION = YES;
				GCC_WARN_ABOUT_RETURN_TYPE = YES_ERROR;
				GCC_WARN_UNDECLARED_SELECTOR = YES;
				GCC_WARN_UNINITIALIZED_AUTOS = YES_AGGRESSIVE;
				GCC_WARN_UNUSED_FUNCTION = YES;
				GCC_WARN_UNUSED_VARIABLE = YES;
				IPHONEOS_DEPLOYMENT_TARGET = 12.1;
				MTL_ENABLE_DEBUG_INFO = INCLUDE_SOURCE;
				MTL_FAST_MATH = YES;
				ONLY_ACTIVE_ARCH = YES;
				SDKROOT = iphoneos;
				SWIFT_ACTIVE_COMPILATION_CONDITIONS = DEBUG;
				SWIFT_OPTIMIZATION_LEVEL = "-Onone";
			};
			name = Debug;
		};
		7199ADBA21EC8A1D0066B969 /* Release */ = {
			isa = XCBuildConfiguration;
			buildSettings = {
				ALWAYS_SEARCH_USER_PATHS = NO;
				CLANG_ANALYZER_NONNULL = YES;
				CLANG_ANALYZER_NUMBER_OBJECT_CONVERSION = YES_AGGRESSIVE;
				CLANG_CXX_LANGUAGE_STANDARD = "gnu++14";
				CLANG_CXX_LIBRARY = "libc++";
				CLANG_ENABLE_MODULES = YES;
				CLANG_ENABLE_OBJC_ARC = YES;
				CLANG_ENABLE_OBJC_WEAK = YES;
				CLANG_WARN_BLOCK_CAPTURE_AUTORELEASING = YES;
				CLANG_WARN_BOOL_CONVERSION = YES;
				CLANG_WARN_COMMA = YES;
				CLANG_WARN_CONSTANT_CONVERSION = YES;
				CLANG_WARN_DEPRECATED_OBJC_IMPLEMENTATIONS = YES;
				CLANG_WARN_DIRECT_OBJC_ISA_USAGE = YES_ERROR;
				CLANG_WARN_DOCUMENTATION_COMMENTS = YES;
				CLANG_WARN_EMPTY_BODY = YES;
				CLANG_WARN_ENUM_CONVERSION = YES;
				CLANG_WARN_INFINITE_RECURSION = YES;
				CLANG_WARN_INT_CONVERSION = YES;
				CLANG_WARN_NON_LITERAL_NULL_CONVERSION = YES;
				CLANG_WARN_OBJC_IMPLICIT_RETAIN_SELF = YES;
				CLANG_WARN_OBJC_LITERAL_CONVERSION = YES;
				CLANG_WARN_OBJC_ROOT_CLASS = YES_ERROR;
				CLANG_WARN_RANGE_LOOP_ANALYSIS = YES;
				CLANG_WARN_STRICT_PROTOTYPES = YES;
				CLANG_WARN_SUSPICIOUS_MOVE = YES;
				CLANG_WARN_UNGUARDED_AVAILABILITY = YES_AGGRESSIVE;
				CLANG_WARN_UNREACHABLE_CODE = YES;
				CLANG_WARN__DUPLICATE_METHOD_MATCH = YES;
				CODE_SIGN_IDENTITY = "iPhone Developer";
				COPY_PHASE_STRIP = NO;
				DEBUG_INFORMATION_FORMAT = "dwarf-with-dsym";
				ENABLE_NS_ASSERTIONS = NO;
				ENABLE_STRICT_OBJC_MSGSEND = YES;
				GCC_C_LANGUAGE_STANDARD = gnu11;
				GCC_NO_COMMON_BLOCKS = YES;
				GCC_WARN_64_TO_32_BIT_CONVERSION = YES;
				GCC_WARN_ABOUT_RETURN_TYPE = YES_ERROR;
				GCC_WARN_UNDECLARED_SELECTOR = YES;
				GCC_WARN_UNINITIALIZED_AUTOS = YES_AGGRESSIVE;
				GCC_WARN_UNUSED_FUNCTION = YES;
				GCC_WARN_UNUSED_VARIABLE = YES;
				IPHONEOS_DEPLOYMENT_TARGET = 12.1;
				MTL_ENABLE_DEBUG_INFO = NO;
				MTL_FAST_MATH = YES;
				SDKROOT = iphoneos;
				SWIFT_COMPILATION_MODE = wholemodule;
				SWIFT_OPTIMIZATION_LEVEL = "-O";
				VALIDATE_PRODUCT = YES;
			};
			name = Release;
		};
		7199ADBC21EC8A1D0066B969 /* Debug */ = {
			isa = XCBuildConfiguration;
			baseConfigurationReference = BFE68A6C5CE2CE08DFC81848 /* Pods-FynzoSurvey.debug.xcconfig */;
			buildSettings = {
				ASSETCATALOG_COMPILER_APPICON_NAME = AppIcon;
				CODE_SIGN_STYLE = Automatic;
				DEVELOPMENT_TEAM = 3LQN43ZXXA;
				INFOPLIST_FILE = FynzoSurvey/Info.plist;
				LD_RUNPATH_SEARCH_PATHS = (
					"$(inherited)",
					"@executable_path/Frameworks",
				);
				PRODUCT_BUNDLE_IDENTIFIER = MohdMaruf.FynzoSurvey;
				PRODUCT_NAME = "$(TARGET_NAME)";
				SWIFT_VERSION = 4.0;
				TARGETED_DEVICE_FAMILY = 1;
			};
			name = Debug;
		};
		7199ADBD21EC8A1D0066B969 /* Release */ = {
			isa = XCBuildConfiguration;
			baseConfigurationReference = 5660DA197C549C5D7488CB83 /* Pods-FynzoSurvey.release.xcconfig */;
			buildSettings = {
				ASSETCATALOG_COMPILER_APPICON_NAME = AppIcon;
				CODE_SIGN_STYLE = Automatic;
				DEVELOPMENT_TEAM = 3LQN43ZXXA;
				INFOPLIST_FILE = FynzoSurvey/Info.plist;
				LD_RUNPATH_SEARCH_PATHS = (
					"$(inherited)",
					"@executable_path/Frameworks",
				);
				PRODUCT_BUNDLE_IDENTIFIER = MohdMaruf.FynzoSurvey;
				PRODUCT_NAME = "$(TARGET_NAME)";
				SWIFT_VERSION = 4.0;
				TARGETED_DEVICE_FAMILY = 1;
			};
			name = Release;
		};
/* End XCBuildConfiguration section */

/* Begin XCConfigurationList section */
		7199ADA421EC8A1D0066B969 /* Build configuration list for PBXProject "FynzoSurvey" */ = {
			isa = XCConfigurationList;
			buildConfigurations = (
				7199ADB921EC8A1D0066B969 /* Debug */,
				7199ADBA21EC8A1D0066B969 /* Release */,
			);
			defaultConfigurationIsVisible = 0;
			defaultConfigurationName = Release;
		};
		7199ADBB21EC8A1D0066B969 /* Build configuration list for PBXNativeTarget "FynzoSurvey" */ = {
			isa = XCConfigurationList;
			buildConfigurations = (
				7199ADBC21EC8A1D0066B969 /* Debug */,
				7199ADBD21EC8A1D0066B969 /* Release */,
			);
			defaultConfigurationIsVisible = 0;
			defaultConfigurationName = Release;
		};
/* End XCConfigurationList section */
	};
	rootObject = 7199ADA121EC8A1D0066B969 /* Project object */;
}
